github.com/captncraig/easyauth v0.0.0-20171013131059-c6de284138cf h1:JzCqEYyoh+ABU7nHYFIqlyHmvztLPhbZB6WFI+TnzCc=
github.com/captncraig/easyauth v0.0.0-20171013131059-c6de284138cf/go.mod h1:T68F54j/tIjrt8l1WdQHiQ+V0073ArBNSbjE7GVES3I=
github.com/garyburd/redigo v1.6.0 h1:0VruCpn7yAIIu7pWVClQC8wxCJEcG3nyzpMSHKi1PQc=
github.com/garyburd/redigo v1.6.0/go.mod h1:NR3MbYisc3/PwhQ00EMzDiPmrwpPxAn5GI05/YaO1SY=
github.com/gorilla/mux v1.7.0 h1:tOSd0UKHQd6urX6ApfOn4XdBMY6Sh1MfxV3kmaazO+U=
github.com/gorilla/mux v1.7.0/go.mod h1:1lud6UwP+6orDFRuTfBEV8e9/aOM/c4fVVCaMa2zaAs=
github.com/gorilla/securecookie v1.1.1 h1:miw7JPhV+b/lAHSXz4qd/nN9jRiAFV5FwjeKyCS8BvQ=
github.com/gorilla/securecookie v1.1.1/go.mod h1:ra0sb63/xPlUeL+yeDciTfxMRAA+MP+HVt/4epWDjd4=
gopkg.in/asn1-ber.v1 v1.0.0-20181015200546-f715ec2f112d h1:TxyelI5cVkbREznMhfzycHdkp5cLA7DpE+GKjSslYhM=
gopkg.in/asn1-ber.v1 v1.0.0-20181015200546-f715ec2f112d/go.mod h1:cuepJuh7vyXfUyUwEgHQXw849cJrilpS5NeIjOWESAw=
gopkg.in/ldap.v1 v1.0.0-20150224155422-0041a4127039 h1:GzM3bM1rO2mTBXcBCpq8yHex//GmvIDMbPHIG5nhVfM=
gopkg.in/ldap.v1 v1.0.0-20150224155422-0041a4127039/go.mod h1:+IfShIZtUEmv2UTIdtuDjf/+FwPmMX3r9h/a+ngCaUU=
